// !$*UTF8*$!
{
	archiveVersion = 1;
	classes = {
	};
	objectVersion = 46;
	objects = {

/* Begin PBXBuildFile section */
		7E7CB94A1B921F5200B0A016 /* main.m in Sources */ = {isa = PBXBuildFile; fileRef = 7E7CB9491B921F5200B0A016 /* main.m */; };
		7E7CB94D1B921F5200B0A016 /* AppDelegate.m in Sources */ = {isa = PBXBuildFile; fileRef = 7E7CB94C1B921F5200B0A016 /* AppDelegate.m */; };
		7E7CB9501B921F5200B0A016 /* ViewController.m in Sources */ = {isa = PBXBuildFile; fileRef = 7E7CB94F1B921F5200B0A016 /* ViewController.m */; };
		7E7CB9531B921F5200B0A016 /* Main.storyboard in Resources */ = {isa = PBXBuildFile; fileRef = 7E7CB9511B921F5200B0A016 /* Main.storyboard */; };
		7E7CB9551B921F5200B0A016 /* Images.xcassets in Resources */ = {isa = PBXBuildFile; fileRef = 7E7CB9541B921F5200B0A016 /* Images.xcassets */; };
		7E7CB9581B921F5200B0A016 /* LaunchScreen.xib in Resources */ = {isa = PBXBuildFile; fileRef = 7E7CB9561B921F5200B0A016 /* LaunchScreen.xib */; };
		7E7CB9641B921F5300B0A016 /* cnodejsTests.m in Sources */ = {isa = PBXBuildFile; fileRef = 7E7CB9631B921F5300B0A016 /* cnodejsTests.m */; };
/* End PBXBuildFile section */

/* Begin PBXContainerItemProxy section */
		7E7CB95E1B921F5300B0A016 /* PBXContainerItemProxy */ = {
			isa = PBXContainerItemProxy;
			containerPortal = 7E7CB93C1B921F5200B0A016 /* Project object */;
			proxyType = 1;
			remoteGlobalIDString = 7E7CB9431B921F5200B0A016;
			remoteInfo = cnodejs;
		};
/* End PBXContainerItemProxy section */

/* Begin PBXFileReference section */
		7E7CB9441B921F5200B0A016 /* cnodejs.app */ = {isa = PBXFileReference; explicitFileType = wrapper.application; includeInIndex = 0; path = cnodejs.app; sourceTree = BUILT_PRODUCTS_DIR; };
		7E7CB9481B921F5200B0A016 /* Info.plist */ = {isa = PBXFileReference; lastKnownFileType = text.plist.xml; path = Info.plist; sourceTree = "<group>"; };
		7E7CB9491B921F5200B0A016 /* main.m */ = {isa = PBXFileReference; lastKnownFileType = sourcecode.c.objc; path = main.m; sourceTree = "<group>"; };
		7E7CB94B1B921F5200B0A016 /* AppDelegate.h */ = {isa = PBXFileReference; lastKnownFileType = sourcecode.c.h; path = AppDelegate.h; sourceTree = "<group>"; };
		7E7CB94C1B921F5200B0A016 /* AppDelegate.m */ = {isa = PBXFileReference; lastKnownFileType = sourcecode.c.objc; path = AppDelegate.m; sourceTree = "<group>"; };
		7E7CB94E1B921F5200B0A016 /* ViewController.h */ = {isa = PBXFileReference; lastKnownFileType = sourcecode.c.h; path = ViewController.h; sourceTree = "<group>"; };
		7E7CB94F1B921F5200B0A016 /* ViewController.m */ = {isa = PBXFileReference; lastKnownFileType = sourcecode.c.objc; path = ViewController.m; sourceTree = "<group>"; };
		7E7CB9521B921F5200B0A016 /* Base */ = {isa = PBXFileReference; lastKnownFileType = file.storyboard; name = Base; path = Base.lproj/Main.storyboard; sourceTree = "<group>"; };
		7E7CB9541B921F5200B0A016 /* Images.xcassets */ = {isa = PBXFileReference; lastKnownFileType = folder.assetcatalog; path = Images.xcassets; sourceTree = "<group>"; };
		7E7CB9571B921F5200B0A016 /* Base */ = {isa = PBXFileReference; lastKnownFileType = file.xib; name = Base; path = Base.lproj/LaunchScreen.xib; sourceTree = "<group>"; };
		7E7CB95D1B921F5300B0A016 /* cnodejsTests.xctest */ = {isa = PBXFileReference; explicitFileType = wrapper.cfbundle; includeInIndex = 0; path = cnodejsTests.xctest; sourceTree = BUILT_PRODUCTS_DIR; };
		7E7CB9621B921F5300B0A016 /* Info.plist */ = {isa = PBXFileReference; lastKnownFileType = text.plist.xml; path = Info.plist; sourceTree = "<group>"; };
		7E7CB9631B921F5300B0A016 /* cnodejsTests.m */ = {isa = PBXFileReference; lastKnownFileType = sourcecode.c.objc; path = cnodejsTests.m; sourceTree = "<group>"; };
/* End PBXFileReference section */

/* Begin PBXFrameworksBuildPhase section */
		7E7CB9411B921F5200B0A016 /* Frameworks */ = {
			isa = PBXFrameworksBuildPhase;
			buildActionMask = 2147483647;
			files = (
			);
			runOnlyForDeploymentPostprocessing = 0;
		};
		7E7CB95A1B921F5300B0A016 /* Frameworks */ = {
			isa = PBXFrameworksBuildPhase;
			buildActionMask = 2147483647;
			files = (
			);
			runOnlyForDeploymentPostprocessing = 0;
		};
/* End PBXFrameworksBuildPhase section */

/* Begin PBXGroup section */
		7E7CB93B1B921F5200B0A016 = {
			isa = PBXGroup;
			children = (
				7E7CB9461B921F5200B0A016 /* cnodejs */,
				7E7CB9601B921F5300B0A016 /* cnodejsTests */,
				7E7CB9451B921F5200B0A016 /* Products */,
			);
			sourceTree = "<group>";
		};
		7E7CB9451B921F5200B0A016 /* Products */ = {
			isa = PBXGroup;
			children = (
				7E7CB9441B921F5200B0A016 /* cnodejs.app */,
				7E7CB95D1B921F5300B0A016 /* cnodejsTests.xctest */,
			);
			name = Products;
			sourceTree = "<group>";
		};
		7E7CB9461B921F5200B0A016 /* cnodejs */ = {
			isa = PBXGroup;
			children = (
				7E7CB94B1B921F5200B0A016 /* AppDelegate.h */,
				7E7CB94C1B921F5200B0A016 /* AppDelegate.m */,
				7E7CB94E1B921F5200B0A016 /* ViewController.h */,
				7E7CB94F1B921F5200B0A016 /* ViewController.m */,
				7E7CB9511B921F5200B0A016 /* Main.storyboard */,
				7E7CB9541B921F5200B0A016 /* Images.xcassets */,
				7E7CB9561B921F5200B0A016 /* LaunchScreen.xib */,
				7E7CB9471B921F5200B0A016 /* Supporting Files */,
			);
			path = cnodejs;
			sourceTree = "<group>";
		};
		7E7CB9471B921F5200B0A016 /* Supporting Files */ = {
			isa = PBXGroup;
			children = (
				7E7CB9481B921F5200B0A016 /* Info.plist */,
				7E7CB9491B921F5200B0A016 /* main.m */,
			);
			name = "Supporting Files";
			sourceTree = "<group>";
		};
		7E7CB9601B921F5300B0A016 /* cnodejsTests */ = {
			isa = PBXGroup;
			children = (
				7E7CB9631B921F5300B0A016 /* cnodejsTests.m */,
				7E7CB9611B921F5300B0A016 /* Supporting Files */,
			);
			path = cnodejsTests;
			sourceTree = "<group>";
		};
		7E7CB9611B921F5300B0A016 /* Supporting Files */ = {
			isa = PBXGroup;
			children = (
				7E7CB9621B921F5300B0A016 /* Info.plist */,
			);
			name = "Supporting Files";
			sourceTree = "<group>";
		};
/* End PBXGroup section */

/* Begin PBXNativeTarget section */
		7E7CB9431B921F5200B0A016 /* cnodejs */ = {
			isa = PBXNativeTarget;
			buildConfigurationList = 7E7CB9671B921F5300B0A016 /* Build configuration list for PBXNativeTarget "cnodejs" */;
			buildPhases = (
				7E7CB9401B921F5200B0A016 /* Sources */,
				7E7CB9411B921F5200B0A016 /* Frameworks */,
				7E7CB9421B921F5200B0A016 /* Resources */,
			);
			buildRules = (
			);
			dependencies = (
			);
			name = cnodejs;
			productName = cnodejs;
			productReference = 7E7CB9441B921F5200B0A016 /* cnodejs.app */;
			productType = "com.apple.product-type.application";
		};
		7E7CB95C1B921F5300B0A016 /* cnodejsTests */ = {
			isa = PBXNativeTarget;
			buildConfigurationList = 7E7CB96A1B921F5300B0A016 /* Build configuration list for PBXNativeTarget "cnodejsTests" */;
			buildPhases = (
				7E7CB9591B921F5300B0A016 /* Sources */,
				7E7CB95A1B921F5300B0A016 /* Frameworks */,
				7E7CB95B1B921F5300B0A016 /* Resources */,
			);
			buildRules = (
			);
			dependencies = (
				7E7CB95F1B921F5300B0A016 /* PBXTargetDependency */,
			);
			name = cnodejsTests;
			productName = cnodejsTests;
			productReference = 7E7CB95D1B921F5300B0A016 /* cnodejsTests.xctest */;
			productType = "com.apple.product-type.bundle.unit-test";
		};
/* End PBXNativeTarget section */

/* Begin PBXProject section */
		7E7CB93C1B921F5200B0A016 /* Project object */ = {
			isa = PBXProject;
			attributes = {
				LastUpgradeCheck = 0610;
				ORGANIZATIONNAME = "Lance Li";
				TargetAttributes = {
					7E7CB9431B921F5200B0A016 = {
						CreatedOnToolsVersion = 6.1.1;
					};
					7E7CB95C1B921F5300B0A016 = {
						CreatedOnToolsVersion = 6.1.1;
						TestTargetID = 7E7CB9431B921F5200B0A016;
					};
				};
			};
			buildConfigurationList = 7E7CB93F1B921F5200B0A016 /* Build configuration list for PBXProject "cnodejs" */;
			compatibilityVersion = "Xcode 3.2";
			developmentRegion = English;
			hasScannedForEncodings = 0;
			knownRegions = (
				en,
				Base,
			);
			mainGroup = 7E7CB93B1B921F5200B0A016;
			productRefGroup = 7E7CB9451B921F5200B0A016 /* Products */;
			projectDirPath = "";
			projectRoot = "";
			targets = (
				7E7CB9431B921F5200B0A016 /* cnodejs */,
				7E7CB95C1B921F5300B0A016 /* cnodejsTests */,
			);
		};
/* End PBXProject section */

/* Begin PBXResourcesBuildPhase section */
		7E7CB9421B921F5200B0A016 /* Resources */ = {
			isa = PBXResourcesBuildPhase;
			buildActionMask = 2147483647;
			files = (
				7E7CB9531B921F5200B0A016 /* Main.storyboard in Resources */,
				7E7CB9581B921F5200B0A016 /* LaunchScreen.xib in Resources */,
				7E7CB9551B921F5200B0A016 /* Images.xcassets in Resources */,
			);
			runOnlyForDeploymentPostprocessing = 0;
		};
		7E7CB95B1B921F5300B0A016 /* Resources */ = {
			isa = PBXResourcesBuildPhase;
			buildActionMask = 2147483647;
			files = (
			);
			runOnlyForDeploymentPostprocessing = 0;
		};
/* End PBXResourcesBuildPhase section */

/* Begin PBXSourcesBuildPhase section */
		7E7CB9401B921F5200B0A016 /* Sources */ = {
			isa = PBXSourcesBuildPhase;
			buildActionMask = 2147483647;
			files = (
				7E7CB9501B921F5200B0A016 /* ViewController.m in Sources */,
				7E7CB94D1B921F5200B0A016 /* AppDelegate.m in Sources */,
				7E7CB94A1B921F5200B0A016 /* main.m in Sources */,
			);
			runOnlyForDeploymentPostprocessing = 0;
		};
		7E7CB9591B921F5300B0A016 /* Sources */ = {
			isa = PBXSourcesBuildPhase;
			buildActionMask = 2147483647;
			files = (
				7E7CB9641B921F5300B0A016 /* cnodejsTests.m in Sources */,
			);
			runOnlyForDeploymentPostprocessing = 0;
		};
/* End PBXSourcesBuildPhase section */

/* Begin PBXTargetDependency section */
		7E7CB95F1B921F5300B0A016 /* PBXTargetDependency */ = {
			isa = PBXTargetDependency;
			target = 7E7CB9431B921F5200B0A016 /* cnodejs */;
			targetProxy = 7E7CB95E1B921F5300B0A016 /* PBXContainerItemProxy */;
		};
/* End PBXTargetDependency section */

/* Begin PBXVariantGroup section */
		7E7CB9511B921F5200B0A016 /* Main.storyboard */ = {
			isa = PBXVariantGroup;
			children = (
				7E7CB9521B921F5200B0A016 /* Base */,
			);
			name = Main.storyboard;
			sourceTree = "<group>";
		};
		7E7CB9561B921F5200B0A016 /* LaunchScreen.xib */ = {
			isa = PBXVariantGroup;
			children = (
				7E7CB9571B921F5200B0A016 /* Base */,
			);
			name = LaunchScreen.xib;
			sourceTree = "<group>";
		};
/* End PBXVariantGroup section */

/* Begin XCBuildConfiguration section */
		7E7CB9651B921F5300B0A016 /* Debug */ = {
			isa = XCBuildConfiguration;
			buildSettings = {
				ALWAYS_SEARCH_USER_PATHS = NO;
				CLANG_CXX_LANGUAGE_STANDARD = "gnu++0x";
				CLANG_CXX_LIBRARY = "libc++";
				CLANG_ENABLE_MODULES = YES;
				CLANG_ENABLE_OBJC_ARC = YES;
				CLANG_WARN_BOOL_CONVERSION = YES;
				CLANG_WARN_CONSTANT_CONVERSION = YES;
				CLANG_WARN_DIRECT_OBJC_ISA_USAGE = YES_ERROR;
				CLANG_WARN_EMPTY_BODY = YES;
				CLANG_WARN_ENUM_CONVERSION = YES;
				CLANG_WARN_INT_CONVERSION = YES;
				CLANG_WARN_OBJC_ROOT_CLASS = YES_ERROR;
				CLANG_WARN_UNREACHABLE_CODE = YES;
				CLANG_WARN__DUPLICATE_METHOD_MATCH = YES;
				"CODE_SIGN_IDENTITY[sdk=iphoneos*]" = "iPhone Developer";
				COPY_PHASE_STRIP = NO;
				ENABLE_STRICT_OBJC_MSGSEND = YES;
				GCC_C_LANGUAGE_STANDARD = gnu99;
				GCC_DYNAMIC_NO_PIC = NO;
				GCC_OPTIMIZATION_LEVEL = 0;
				GCC_PREPROCESSOR_DEFINITIONS = (
					"DEBUG=1",
					"$(inherited)",
				);
				GCC_SYMBOLS_PRIVATE_EXTERN = NO;
				GCC_WARN_64_TO_32_BIT_CONVERSION = YES;
				GCC_WARN_ABOUT_RETURN_TYPE = YES_ERROR;
				GCC_WARN_UNDECLARED_SELECTOR = YES;
				GCC_WARN_UNINITIALIZED_AUTOS = YES_AGGRESSIVE;
				GCC_WARN_UNUSED_FUNCTION = YES;
				GCC_WARN_UNUSED_VARIABLE = YES;
				IPHONEOS_DEPLOYMENT_TARGET = 8.1;
				MTL_ENABLE_DEBUG_INFO = YES;
				ONLY_ACTIVE_ARCH = YES;
				SDKROOT = iphoneos;
			};
			name = Debug;
		};
		7E7CB9661B921F5300B0A016 /* Release */ = {
			isa = XCBuildConfiguration;
			buildSettings = {
				ALWAYS_SEARCH_USER_PATHS = NO;
				CLANG_CXX_LANGUAGE_STANDARD = "gnu++0x";
				CLANG_CXX_LIBRARY = "libc++";
				CLANG_ENABLE_MODULES = YES;
				CLANG_ENABLE_OBJC_ARC = YES;
				CLANG_WARN_BOOL_CONVERSION = YES;
				CLANG_WARN_CONSTANT_CONVERSION = YES;
				CLANG_WARN_DIRECT_OBJC_ISA_USAGE = YES_ERROR;
				CLANG_WARN_EMPTY_BODY = YES;
				CLANG_WARN_ENUM_CONVERSION = YES;
				CLANG_WARN_INT_CONVERSION = YES;
				CLANG_WARN_OBJC_ROOT_CLASS = YES_ERROR;
				CLANG_WARN_UNREACHABLE_CODE = YES;
				CLANG_WARN__DUPLICATE_METHOD_MATCH = YES;
				"CODE_SIGN_IDENTITY[sdk=iphoneos*]" = "iPhone Developer";
				COPY_PHASE_STRIP = YES;
				ENABLE_NS_ASSERTIONS = NO;
				ENABLE_STRICT_OBJC_MSGSEND = YES;
				GCC_C_LANGUAGE_STANDARD = gnu99;
				GCC_WARN_64_TO_32_BIT_CONVERSION = YES;
				GCC_WARN_ABOUT_RETURN_TYPE = YES_ERROR;
				GCC_WARN_UNDECLARED_SELECTOR = YES;
				GCC_WARN_UNINITIALIZED_AUTOS = YES_AGGRESSIVE;
				GCC_WARN_UNUSED_FUNCTION = YES;
				GCC_WARN_UNUSED_VARIABLE = YES;
				IPHONEOS_DEPLOYMENT_TARGET = 8.1;
				MTL_ENABLE_DEBUG_INFO = NO;
				SDKROOT = iphoneos;
				VALIDATE_PRODUCT = YES;
			};
			name = Release;
		};
		7E7CB9681B921F5300B0A016 /* Debug */ = {
			isa = XCBuildConfiguration;
			buildSettings = {
				ASSETCATALOG_COMPILER_APPICON_NAME = AppIcon;
				INFOPLIST_FILE = cnodejs/Info.plist;
				LD_RUNPATH_SEARCH_PATHS = "$(inherited) @executable_path/Frameworks";
				PRODUCT_NAME = "$(TARGET_NAME)";
			};
			name = Debug;
		};
		7E7CB9691B921F5300B0A016 /* Release */ = {
			isa = XCBuildConfiguration;
			buildSettings = {
				ASSETCATALOG_COMPILER_APPICON_NAME = AppIcon;
				INFOPLIST_FILE = cnodejs/Info.plist;
				LD_RUNPATH_SEARCH_PATHS = "$(inherited) @executable_path/Frameworks";
				PRODUCT_NAME = "$(TARGET_NAME)";
			};
			name = Release;
		};
		7E7CB96B1B921F5300B0A016 /* Debug */ = {
			isa = XCBuildConfiguration;
			buildSettings = {
				BUNDLE_LOADER = "$(TEST_HOST)";
				FRAMEWORK_SEARCH_PATHS = (
					"$(SDKROOT)/Developer/Library/Frameworks",
					"$(inherited)",
				);
				GCC_PREPROCESSOR_DEFINITIONS = (
					"DEBUG=1",
					"$(inherited)",
				);
				INFOPLIST_FILE = cnodejsTests/Info.plist;
				LD_RUNPATH_SEARCH_PATHS = "$(inherited) @executable_path/Frameworks @loader_path/Frameworks";
				PRODUCT_NAME = "$(TARGET_NAME)";
				TEST_HOST = "$(BUILT_PRODUCTS_DIR)/cnodejs.app/cnodejs";
			};
			name = Debug;
		};
		7E7CB96C1B921F5300B0A016 /* Release */ = {
			isa = XCBuildConfiguration;
			buildSettings = {
				BUNDLE_LOADER = "$(TEST_HOST)";
				FRAMEWORK_SEARCH_PATHS = (
					"$(SDKROOT)/Developer/Library/Frameworks",
					"$(inherited)",
				);
				INFOPLIST_FILE = cnodejsTests/Info.plist;
				LD_RUNPATH_SEARCH_PATHS = "$(inherited) @executable_path/Frameworks @loader_path/Frameworks";
				PRODUCT_NAME = "$(TARGET_NAME)";
				TEST_HOST = "$(BUILT_PRODUCTS_DIR)/cnodejs.app/cnodejs";
			};
			name = Release;
		};
/* End XCBuildConfiguration section */

/* Begin XCConfigurationList section */
		7E7CB93F1B921F5200B0A016 /* Build configuration list for PBXProject "cnodejs" */ = {
			isa = XCConfigurationList;
			buildConfigurations = (
				7E7CB9651B921F5300B0A016 /* Debug */,
				7E7CB9661B921F5300B0A016 /* Release */,
			);
			defaultConfigurationIsVisible = 0;
			defaultConfigurationName = Release;
		};
		7E7CB9671B921F5300B0A016 /* Build configuration list for PBXNativeTarget "cnodejs" */ = {
			isa = XCConfigurationList;
			buildConfigurations = (
				7E7CB9681B921F5300B0A016 /* Debug */,
				7E7CB9691B921F5300B0A016 /* Release */,
			);
			defaultConfigurationIsVisible = 0;
		};
		7E7CB96A1B921F5300B0A016 /* Build configuration list for PBXNativeTarget "cnodejsTests" */ = {
			isa = XCConfigurationList;
			buildConfigurations = (
				7E7CB96B1B921F5300B0A016 /* Debug */,
				7E7CB96C1B921F5300B0A016 /* Release */,
			);
			defaultConfigurationIsVisible = 0;
		};
/* End XCConfigurationList section */
	};
	rootObject = 7E7CB93C1B921F5200B0A016 /* Project object */;
}
